
Microsoft Visual Studio Solution File, Format Version 12.00
# Visual Studio Version 16
VisualStudioVersion = 16.0.30011.22
MinimumVisualStudioVersion = 10.0.40219.1
Project("{9A19103F-16F7-4668-BE54-9A1E7A4F7556}") = "GetYourQuery", "GetYourQuery\GetYourQuery.csproj", "{CF4EDF2C-0EDA-44BA-A9DF-EE13167130E7}"
	ProjectSection(ProjectDependencies) = postProject
		{63FC22BB-5547-4A7A-B447-CE5630B76078} = {63FC22BB-5547-4A7A-B447-CE5630B76078}
	EndProjectSection
EndProject
Project("{9A19103F-16F7-4668-BE54-9A1E7A4F7556}") = "GetYourQuery.Data", "GetYourQuery.Data\GetYourQuery.Data.csproj", "{63FC22BB-5547-4A7A-B447-CE5630B76078}"
EndProject
Project("{9A19103F-16F7-4668-BE54-9A1E7A4F7556}") = "GetYourQuery.Core", "GetYourQuery.Core\GetYourQuery.Core.csproj", "{CFD1ACFA-2A71-4DAF-8235-8405726CA366}"
EndProject
Global
	GlobalSection(SolutionConfigurationPlatforms) = preSolution
		Debug|Any CPU = Debug|Any CPU
		Release|Any CPU = Release|Any CPU
	EndGlobalSection
	GlobalSection(ProjectConfigurationPlatforms) = postSolution
		{CF4EDF2C-0EDA-44BA-A9DF-EE13167130E7}.Debug|Any CPU.ActiveCfg = Debug|Any CPU
		{CF4EDF2C-0EDA-44BA-A9DF-EE13167130E7}.Debug|Any CPU.Build.0 = Debug|Any CPU
		{CF4EDF2C-0EDA-44BA-A9DF-EE13167130E7}.Release|Any CPU.ActiveCfg = Release|Any CPU
		{CF4EDF2C-0EDA-44BA-A9DF-EE13167130E7}.Release|Any CPU.Build.0 = Release|Any CPU
		{63FC22BB-5547-4A7A-B447-CE5630B76078}.Debug|Any CPU.ActiveCfg = Debug|Any CPU
		{63FC22BB-5547-4A7A-B447-CE5630B76078}.Debug|Any CPU.Build.0 = Debug|Any CPU
		{63FC22BB-5547-4A7A-B447-CE5630B76078}.Release|Any CPU.ActiveCfg = Release|Any CPU
		{63FC22BB-5547-4A7A-B447-CE5630B76078}.Release|Any CPU.Build.0 = Release|Any CPU
		{CFD1ACFA-2A71-4DAF-8235-8405726CA366}.Debug|Any CPU.ActiveCfg = Debug|Any CPU
		{CFD1ACFA-2A71-4DAF-8235-8405726CA366}.Debug|Any CPU.Build.0 = Debug|Any CPU
		{CFD1ACFA-2A71-4DAF-8235-8405726CA366}.Release|Any CPU.ActiveCfg = Release|Any CPU
		{CFD1ACFA-2A71-4DAF-8235-8405726CA366}.Release|Any CPU.Build.0 = Release|Any CPU
	EndGlobalSection
	GlobalSection(SolutionProperties) = preSolution
		HideSolutionNode = FALSE
	EndGlobalSection
	GlobalSection(ExtensibilityGlobals) = postSolution
		SolutionGuid = {E42E7A86-A623-466C-BDC5-95D402DA7E90}
	EndGlobalSection
EndGlobal
